// !$*UTF8*$!
{
	archiveVersion = 1;
	classes = {
	};
	objectVersion = 50;
	objects = {

/* Begin PBXBuildFile section */
		1DBB16EC22DF336F00848236 /* ParseClient.swift in Sources */ = {isa = PBXBuildFile; fileRef = 1DBB16EB22DF336F00848236 /* ParseClient.swift */; };
		1DBB16EE22DF39B900848236 /* StudentLocationGetResponse.swift in Sources */ = {isa = PBXBuildFile; fileRef = 1DBB16ED22DF39B900848236 /* StudentLocationGetResponse.swift */; };
		1DBB16F022DF996B00848236 /* DataTaskController.swift in Sources */ = {isa = PBXBuildFile; fileRef = 1DBB16EF22DF996B00848236 /* DataTaskController.swift */; };
		1DBB16F222DFBD3B00848236 /* StudentLocationPutResponse.swift in Sources */ = {isa = PBXBuildFile; fileRef = 1DBB16F122DFBD3B00848236 /* StudentLocationPutResponse.swift */; };
		1DBB16F422DFBDAE00848236 /* StudentLocationPostResponse.swift in Sources */ = {isa = PBXBuildFile; fileRef = 1DBB16F322DFBDAE00848236 /* StudentLocationPostResponse.swift */; };
		1DBB16F922E0190500848236 /* NetworkManager.swift in Sources */ = {isa = PBXBuildFile; fileRef = 1DBB16F822E0190500848236 /* NetworkManager.swift */; };
		1DBB16FB22E019FB00848236 /* Parse.swift in Sources */ = {isa = PBXBuildFile; fileRef = 1DBB16FA22E019FB00848236 /* Parse.swift */; };
		1DBB16FD22E05D1400848236 /* Udacity.swift in Sources */ = {isa = PBXBuildFile; fileRef = 1DBB16FC22E05D1400848236 /* Udacity.swift */; };
		1DBB170022E0CDDB00848236 /* UdacityClient.swift in Sources */ = {isa = PBXBuildFile; fileRef = 1DBB16FF22E0CDDB00848236 /* UdacityClient.swift */; };
		1DBB170222E0CE3600848236 /* Endpoints.swift in Sources */ = {isa = PBXBuildFile; fileRef = 1DBB170122E0CE3600848236 /* Endpoints.swift */; };
		1DBB170822E0D76800848236 /* UdacityDeleteUserResponse.swift in Sources */ = {isa = PBXBuildFile; fileRef = 1DBB170722E0D76800848236 /* UdacityDeleteUserResponse.swift */; };
		1DBB170B22E0E5FF00848236 /* MapViewController.swift in Sources */ = {isa = PBXBuildFile; fileRef = 1DBB170A22E0E5FF00848236 /* MapViewController.swift */; };
		1DBB170D22E109CE00848236 /* TableViewController.swift in Sources */ = {isa = PBXBuildFile; fileRef = 1DBB170C22E109CE00848236 /* TableViewController.swift */; };
		1DBB170F22E10B7A00848236 /* PinViewController.swift in Sources */ = {isa = PBXBuildFile; fileRef = 1DBB170E22E10B7A00848236 /* PinViewController.swift */; };
		1DBB171122E10CDC00848236 /* PreviewPinController.swift in Sources */ = {isa = PBXBuildFile; fileRef = 1DBB171022E10CDC00848236 /* PreviewPinController.swift */; };
		1DBB171322E10F3000848236 /* PinTableCell.swift in Sources */ = {isa = PBXBuildFile; fileRef = 1DBB171222E10F3000848236 /* PinTableCell.swift */; };
		1DBB171422E1A46200848236 /* UdacityPostUserResponse.swift in Sources */ = {isa = PBXBuildFile; fileRef = 1DBB170522E0D38700848236 /* UdacityPostUserResponse.swift */; };
		1DBB171522E1A46B00848236 /* UdacityGetUserResponse.swift in Sources */ = {isa = PBXBuildFile; fileRef = 1DBB170322E0CF9D00848236 /* UdacityGetUserResponse.swift */; };
		1DE7F01522DBD62D00BC2BB6 /* AppDelegate.swift in Sources */ = {isa = PBXBuildFile; fileRef = 1DE7F01422DBD62D00BC2BB6 /* AppDelegate.swift */; };
		1DE7F01722DBD62D00BC2BB6 /* LoginController.swift in Sources */ = {isa = PBXBuildFile; fileRef = 1DE7F01622DBD62D00BC2BB6 /* LoginController.swift */; };
		1DE7F01A22DBD62D00BC2BB6 /* Main.storyboard in Resources */ = {isa = PBXBuildFile; fileRef = 1DE7F01822DBD62D00BC2BB6 /* Main.storyboard */; };
		1DE7F01C22DBD62F00BC2BB6 /* Assets.xcassets in Resources */ = {isa = PBXBuildFile; fileRef = 1DE7F01B22DBD62F00BC2BB6 /* Assets.xcassets */; };
		1DE7F01F22DBD62F00BC2BB6 /* LaunchScreen.storyboard in Resources */ = {isa = PBXBuildFile; fileRef = 1DE7F01D22DBD62F00BC2BB6 /* LaunchScreen.storyboard */; };
/* End PBXBuildFile section */

/* Begin PBXFileReference section */
		1DBB16EB22DF336F00848236 /* ParseClient.swift */ = {isa = PBXFileReference; lastKnownFileType = sourcecode.swift; path = ParseClient.swift; sourceTree = "<group>"; wrapsLines = 0; };
		1DBB16ED22DF39B900848236 /* StudentLocationGetResponse.swift */ = {isa = PBXFileReference; lastKnownFileType = sourcecode.swift; path = StudentLocationGetResponse.swift; sourceTree = "<group>"; };
		1DBB16EF22DF996B00848236 /* DataTaskController.swift */ = {isa = PBXFileReference; lastKnownFileType = sourcecode.swift; path = DataTaskController.swift; sourceTree = "<group>"; };
		1DBB16F122DFBD3B00848236 /* StudentLocationPutResponse.swift */ = {isa = PBXFileReference; lastKnownFileType = sourcecode.swift; path = StudentLocationPutResponse.swift; sourceTree = "<group>"; };
		1DBB16F322DFBDAE00848236 /* StudentLocationPostResponse.swift */ = {isa = PBXFileReference; lastKnownFileType = sourcecode.swift; path = StudentLocationPostResponse.swift; sourceTree = "<group>"; };
		1DBB16F822E0190500848236 /* NetworkManager.swift */ = {isa = PBXFileReference; lastKnownFileType = sourcecode.swift; path = NetworkManager.swift; sourceTree = "<group>"; };
		1DBB16FA22E019FB00848236 /* Parse.swift */ = {isa = PBXFileReference; lastKnownFileType = sourcecode.swift; path = Parse.swift; sourceTree = "<group>"; };
		1DBB16FC22E05D1400848236 /* Udacity.swift */ = {isa = PBXFileReference; lastKnownFileType = sourcecode.swift; path = Udacity.swift; sourceTree = "<group>"; };
		1DBB16FF22E0CDDB00848236 /* UdacityClient.swift */ = {isa = PBXFileReference; lastKnownFileType = sourcecode.swift; path = UdacityClient.swift; sourceTree = "<group>"; };
		1DBB170122E0CE3600848236 /* Endpoints.swift */ = {isa = PBXFileReference; lastKnownFileType = sourcecode.swift; path = Endpoints.swift; sourceTree = "<group>"; };
		1DBB170322E0CF9D00848236 /* UdacityGetUserResponse.swift */ = {isa = PBXFileReference; lastKnownFileType = sourcecode.swift; path = UdacityGetUserResponse.swift; sourceTree = "<group>"; };
		1DBB170522E0D38700848236 /* UdacityPostUserResponse.swift */ = {isa = PBXFileReference; lastKnownFileType = sourcecode.swift; path = UdacityPostUserResponse.swift; sourceTree = "<group>"; };
		1DBB170722E0D76800848236 /* UdacityDeleteUserResponse.swift */ = {isa = PBXFileReference; lastKnownFileType = sourcecode.swift; path = UdacityDeleteUserResponse.swift; sourceTree = "<group>"; };
		1DBB170A22E0E5FF00848236 /* MapViewController.swift */ = {isa = PBXFileReference; lastKnownFileType = sourcecode.swift; path = MapViewController.swift; sourceTree = "<group>"; };
		1DBB170C22E109CE00848236 /* TableViewController.swift */ = {isa = PBXFileReference; lastKnownFileType = sourcecode.swift; path = TableViewController.swift; sourceTree = "<group>"; };
		1DBB170E22E10B7A00848236 /* PinViewController.swift */ = {isa = PBXFileReference; lastKnownFileType = sourcecode.swift; path = PinViewController.swift; sourceTree = "<group>"; };
		1DBB171022E10CDC00848236 /* PreviewPinController.swift */ = {isa = PBXFileReference; lastKnownFileType = sourcecode.swift; path = PreviewPinController.swift; sourceTree = "<group>"; };
		1DBB171222E10F3000848236 /* PinTableCell.swift */ = {isa = PBXFileReference; lastKnownFileType = sourcecode.swift; path = PinTableCell.swift; sourceTree = "<group>"; };
		1DE7F01122DBD62D00BC2BB6 /* OnTheMap.app */ = {isa = PBXFileReference; explicitFileType = wrapper.application; includeInIndex = 0; path = OnTheMap.app; sourceTree = BUILT_PRODUCTS_DIR; };
		1DE7F01422DBD62D00BC2BB6 /* AppDelegate.swift */ = {isa = PBXFileReference; lastKnownFileType = sourcecode.swift; path = AppDelegate.swift; sourceTree = "<group>"; };
		1DE7F01622DBD62D00BC2BB6 /* LoginController.swift */ = {isa = PBXFileReference; lastKnownFileType = sourcecode.swift; path = LoginController.swift; sourceTree = "<group>"; };
		1DE7F01922DBD62D00BC2BB6 /* Base */ = {isa = PBXFileReference; lastKnownFileType = file.storyboard; name = Base; path = Base.lproj/Main.storyboard; sourceTree = "<group>"; };
		1DE7F01B22DBD62F00BC2BB6 /* Assets.xcassets */ = {isa = PBXFileReference; lastKnownFileType = folder.assetcatalog; path = Assets.xcassets; sourceTree = "<group>"; };
		1DE7F01E22DBD62F00BC2BB6 /* Base */ = {isa = PBXFileReference; lastKnownFileType = file.storyboard; name = Base; path = Base.lproj/LaunchScreen.storyboard; sourceTree = "<group>"; };
		1DE7F02022DBD62F00BC2BB6 /* Info.plist */ = {isa = PBXFileReference; lastKnownFileType = text.plist.xml; path = Info.plist; sourceTree = "<group>"; };
/* End PBXFileReference section */

/* Begin PBXFrameworksBuildPhase section */
		1DE7F00E22DBD62D00BC2BB6 /* Frameworks */ = {
			isa = PBXFrameworksBuildPhase;
			buildActionMask = 2147483647;
			files = (
			);
			runOnlyForDeploymentPostprocessing = 0;
		};
/* End PBXFrameworksBuildPhase section */

/* Begin PBXGroup section */
		1DBB16F522E0173100848236 /* Parse API */ = {
			isa = PBXGroup;
			children = (
				1DBB16EB22DF336F00848236 /* ParseClient.swift */,
				1DBB16ED22DF39B900848236 /* StudentLocationGetResponse.swift */,
				1DBB16F322DFBDAE00848236 /* StudentLocationPostResponse.swift */,
				1DBB16F122DFBD3B00848236 /* StudentLocationPutResponse.swift */,
			);
			path = "Parse API";
			sourceTree = "<group>";
		};
		1DBB16F622E017A600848236 /* Datatask */ = {
			isa = PBXGroup;
			children = (
				1DBB16EF22DF996B00848236 /* DataTaskController.swift */,
			);
			path = Datatask;
			sourceTree = "<group>";
		};
		1DBB16F722E018DE00848236 /* NetworkManager */ = {
			isa = PBXGroup;
			children = (
				1DBB16F822E0190500848236 /* NetworkManager.swift */,
				1DBB16FA22E019FB00848236 /* Parse.swift */,
				1DBB16FC22E05D1400848236 /* Udacity.swift */,
			);
			path = NetworkManager;
			sourceTree = "<group>";
		};
		1DBB16FE22E0CDA800848236 /* Udacity API */ = {
			isa = PBXGroup;
			children = (
				1DBB16FF22E0CDDB00848236 /* UdacityClient.swift */,
				1DBB170522E0D38700848236 /* UdacityPostUserResponse.swift */,
				1DBB170722E0D76800848236 /* UdacityDeleteUserResponse.swift */,
				1DBB170122E0CE3600848236 /* Endpoints.swift */,
				1DBB170322E0CF9D00848236 /* UdacityGetUserResponse.swift */,
			);
			path = "Udacity API";
			sourceTree = "<group>";
		};
		1DBB170922E0E29100848236 /* ViewControllers */ = {
			isa = PBXGroup;
			children = (
				1DE7F01622DBD62D00BC2BB6 /* LoginController.swift */,
				1DBB170A22E0E5FF00848236 /* MapViewController.swift */,
				1DBB170C22E109CE00848236 /* TableViewController.swift */,
				1DBB170E22E10B7A00848236 /* PinViewController.swift */,
				1DBB171022E10CDC00848236 /* PreviewPinController.swift */,
				1DBB171222E10F3000848236 /* PinTableCell.swift */,
			);
			path = ViewControllers;
			sourceTree = "<group>";
		};
		1DE7F00822DBD62D00BC2BB6 = {
			isa = PBXGroup;
			children = (
				1DE7F01322DBD62D00BC2BB6 /* OnTheMap */,
				1DE7F01222DBD62D00BC2BB6 /* Products */,
			);
			sourceTree = "<group>";
		};
		1DE7F01222DBD62D00BC2BB6 /* Products */ = {
			isa = PBXGroup;
			children = (
				1DE7F01122DBD62D00BC2BB6 /* OnTheMap.app */,
			);
			name = Products;
			sourceTree = "<group>";
		};
		1DE7F01322DBD62D00BC2BB6 /* OnTheMap */ = {
			isa = PBXGroup;
			children = (
				1DE7F01422DBD62D00BC2BB6 /* AppDelegate.swift */,
				1DBB16F522E0173100848236 /* Parse API */,
				1DBB16F622E017A600848236 /* Datatask */,
				1DBB170922E0E29100848236 /* ViewControllers */,
				1DBB16FE22E0CDA800848236 /* Udacity API */,
				1DBB16F722E018DE00848236 /* NetworkManager */,
				1DE7F01822DBD62D00BC2BB6 /* Main.storyboard */,
				1DE7F01B22DBD62F00BC2BB6 /* Assets.xcassets */,
				1DE7F01D22DBD62F00BC2BB6 /* LaunchScreen.storyboard */,
				1DE7F02022DBD62F00BC2BB6 /* Info.plist */,
			);
			path = OnTheMap;
			sourceTree = "<group>";
		};
/* End PBXGroup section */

/* Begin PBXNativeTarget section */
		1DE7F01022DBD62D00BC2BB6 /* OnTheMap */ = {
			isa = PBXNativeTarget;
			buildConfigurationList = 1DE7F02322DBD62F00BC2BB6 /* Build configuration list for PBXNativeTarget "OnTheMap" */;
			buildPhases = (
				1DE7F00D22DBD62D00BC2BB6 /* Sources */,
				1DE7F00E22DBD62D00BC2BB6 /* Frameworks */,
				1DE7F00F22DBD62D00BC2BB6 /* Resources */,
			);
			buildRules = (
			);
			dependencies = (
			);
			name = OnTheMap;
			productName = OnTheMap;
			productReference = 1DE7F01122DBD62D00BC2BB6 /* OnTheMap.app */;
			productType = "com.apple.product-type.application";
		};
/* End PBXNativeTarget section */

/* Begin PBXProject section */
		1DE7F00922DBD62D00BC2BB6 /* Project object */ = {
			isa = PBXProject;
			attributes = {
				LastSwiftUpdateCheck = 1020;
				LastUpgradeCheck = 1020;
				ORGANIZATIONNAME = project1;
				TargetAttributes = {
					1DE7F01022DBD62D00BC2BB6 = {
						CreatedOnToolsVersion = 10.2.1;
					};
				};
			};
			buildConfigurationList = 1DE7F00C22DBD62D00BC2BB6 /* Build configuration list for PBXProject "OnTheMap" */;
			compatibilityVersion = "Xcode 9.3";
			developmentRegion = en;
			hasScannedForEncodings = 0;
			knownRegions = (
				en,
				Base,
			);
			mainGroup = 1DE7F00822DBD62D00BC2BB6;
			productRefGroup = 1DE7F01222DBD62D00BC2BB6 /* Products */;
			projectDirPath = "";
			projectRoot = "";
			targets = (
				1DE7F01022DBD62D00BC2BB6 /* OnTheMap */,
			);
		};
/* End PBXProject section */

/* Begin PBXResourcesBuildPhase section */
		1DE7F00F22DBD62D00BC2BB6 /* Resources */ = {
			isa = PBXResourcesBuildPhase;
			buildActionMask = 2147483647;
			files = (
				1DE7F01F22DBD62F00BC2BB6 /* LaunchScreen.storyboard in Resources */,
				1DE7F01C22DBD62F00BC2BB6 /* Assets.xcassets in Resources */,
				1DE7F01A22DBD62D00BC2BB6 /* Main.storyboard in Resources */,
			);
			runOnlyForDeploymentPostprocessing = 0;
		};
/* End PBXResourcesBuildPhase section */

/* Begin PBXSourcesBuildPhase section */
		1DE7F00D22DBD62D00BC2BB6 /* Sources */ = {
			isa = PBXSourcesBuildPhase;
			buildActionMask = 2147483647;
			files = (
				1DBB171522E1A46B00848236 /* UdacityGetUserResponse.swift in Sources */,
				1DBB171422E1A46200848236 /* UdacityPostUserResponse.swift in Sources */,
				1DBB170022E0CDDB00848236 /* UdacityClient.swift in Sources */,
				1DBB171122E10CDC00848236 /* PreviewPinController.swift in Sources */,
				1DBB16EC22DF336F00848236 /* ParseClient.swift in Sources */,
				1DBB16F922E0190500848236 /* NetworkManager.swift in Sources */,
				1DBB16EE22DF39B900848236 /* StudentLocationGetResponse.swift in Sources */,
				1DBB16F022DF996B00848236 /* DataTaskController.swift in Sources */,
				1DBB170F22E10B7A00848236 /* PinViewController.swift in Sources */,
				1DE7F01722DBD62D00BC2BB6 /* LoginController.swift in Sources */,
				1DBB16FD22E05D1400848236 /* Udacity.swift in Sources */,
				1DBB16F222DFBD3B00848236 /* StudentLocationPutResponse.swift in Sources */,
				1DBB170222E0CE3600848236 /* Endpoints.swift in Sources */,
				1DBB16F422DFBDAE00848236 /* StudentLocationPostResponse.swift in Sources */,
				1DBB170D22E109CE00848236 /* TableViewController.swift in Sources */,
				1DBB170B22E0E5FF00848236 /* MapViewController.swift in Sources */,
				1DBB170822E0D76800848236 /* UdacityDeleteUserResponse.swift in Sources */,
				1DBB171322E10F3000848236 /* PinTableCell.swift in Sources */,
				1DBB16FB22E019FB00848236 /* Parse.swift in Sources */,
				1DE7F01522DBD62D00BC2BB6 /* AppDelegate.swift in Sources */,
			);
			runOnlyForDeploymentPostprocessing = 0;
		};
/* End PBXSourcesBuildPhase section */

/* Begin PBXVariantGroup section */
		1DE7F01822DBD62D00BC2BB6 /* Main.storyboard */ = {
			isa = PBXVariantGroup;
			children = (
				1DE7F01922DBD62D00BC2BB6 /* Base */,
			);
			name = Main.storyboard;
			sourceTree = "<group>";
		};
		1DE7F01D22DBD62F00BC2BB6 /* LaunchScreen.storyboard */ = {
			isa = PBXVariantGroup;
			children = (
				1DE7F01E22DBD62F00BC2BB6 /* Base */,
			);
			name = LaunchScreen.storyboard;
			sourceTree = "<group>";
		};
/* End PBXVariantGroup section */

/* Begin XCBuildConfiguration section */
		1DE7F02122DBD62F00BC2BB6 /* Debug */ = {
			isa = XCBuildConfiguration;
			buildSettings = {
				ALWAYS_SEARCH_USER_PATHS = NO;
				CLANG_ANALYZER_NONNULL = YES;
				CLANG_ANALYZER_NUMBER_OBJECT_CONVERSION = YES_AGGRESSIVE;
				CLANG_CXX_LANGUAGE_STANDARD = "gnu++14";
				CLANG_CXX_LIBRARY = "libc++";
				CLANG_ENABLE_MODULES = YES;
				CLANG_ENABLE_OBJC_ARC = YES;
				CLANG_ENABLE_OBJC_WEAK = YES;
				CLANG_WARN_BLOCK_CAPTURE_AUTORELEASING = YES;
				CLANG_WARN_BOOL_CONVERSION = YES;
				CLANG_WARN_COMMA = YES;
				CLANG_WARN_CONSTANT_CONVERSION = YES;
				CLANG_WARN_DEPRECATED_OBJC_IMPLEMENTATIONS = YES;
				CLANG_WARN_DIRECT_OBJC_ISA_USAGE = YES_ERROR;
				CLANG_WARN_DOCUMENTATION_COMMENTS = YES;
				CLANG_WARN_EMPTY_BODY = YES;
				CLANG_WARN_ENUM_CONVERSION = YES;
				CLANG_WARN_INFINITE_RECURSION = YES;
				CLANG_WARN_INT_CONVERSION = YES;
				CLANG_WARN_NON_LITERAL_NULL_CONVERSION = YES;
				CLANG_WARN_OBJC_IMPLICIT_RETAIN_SELF = YES;
				CLANG_WARN_OBJC_LITERAL_CONVERSION = YES;
				CLANG_WARN_OBJC_ROOT_CLASS = YES_ERROR;
				CLANG_WARN_RANGE_LOOP_ANALYSIS = YES;
				CLANG_WARN_STRICT_PROTOTYPES = YES;
				CLANG_WARN_SUSPICIOUS_MOVE = YES;
				CLANG_WARN_UNGUARDED_AVAILABILITY = YES_AGGRESSIVE;
				CLANG_WARN_UNREACHABLE_CODE = YES;
				CLANG_WARN__DUPLICATE_METHOD_MATCH = YES;
				CODE_SIGN_IDENTITY = "iPhone Developer";
				COPY_PHASE_STRIP = NO;
				DEBUG_INFORMATION_FORMAT = dwarf;
				ENABLE_STRICT_OBJC_MSGSEND = YES;
				ENABLE_TESTABILITY = YES;
				GCC_C_LANGUAGE_STANDARD = gnu11;
				GCC_DYNAMIC_NO_PIC = NO;
				GCC_NO_COMMON_BLOCKS = YES;
				GCC_OPTIMIZATION_LEVEL = 0;
				GCC_PREPROCESSOR_DEFINITIONS = (
					"DEBUG=1",
					"$(inherited)",
				);
				GCC_WARN_64_TO_32_BIT_CONVERSION = YES;
				GCC_WARN_ABOUT_RETURN_TYPE = YES_ERROR;
				GCC_WARN_UNDECLARED_SELECTOR = YES;
				GCC_WARN_UNINITIALIZED_AUTOS = YES_AGGRESSIVE;
				GCC_WARN_UNUSED_FUNCTION = YES;
				GCC_WARN_UNUSED_VARIABLE = YES;
				IPHONEOS_DEPLOYMENT_TARGET = 12.2;
				MTL_ENABLE_DEBUG_INFO = INCLUDE_SOURCE;
				MTL_FAST_MATH = YES;
				ONLY_ACTIVE_ARCH = YES;
				SDKROOT = iphoneos;
				SWIFT_ACTIVE_COMPILATION_CONDITIONS = DEBUG;
				SWIFT_OPTIMIZATION_LEVEL = "-Onone";
			};
			name = Debug;
		};
		1DE7F02222DBD62F00BC2BB6 /* Release */ = {
			isa = XCBuildConfiguration;
			buildSettings = {
				ALWAYS_SEARCH_USER_PATHS = NO;
				CLANG_ANALYZER_NONNULL = YES;
				CLANG_ANALYZER_NUMBER_OBJECT_CONVERSION = YES_AGGRESSIVE;
				CLANG_CXX_LANGUAGE_STANDARD = "gnu++14";
				CLANG_CXX_LIBRARY = "libc++";
				CLANG_ENABLE_MODULES = YES;
				CLANG_ENABLE_OBJC_ARC = YES;
				CLANG_ENABLE_OBJC_WEAK = YES;
				CLANG_WARN_BLOCK_CAPTURE_AUTORELEASING = YES;
				CLANG_WARN_BOOL_CONVERSION = YES;
				CLANG_WARN_COMMA = YES;
				CLANG_WARN_CONSTANT_CONVERSION = YES;
				CLANG_WARN_DEPRECATED_OBJC_IMPLEMENTATIONS = YES;
				CLANG_WARN_DIRECT_OBJC_ISA_USAGE = YES_ERROR;
				CLANG_WARN_DOCUMENTATION_COMMENTS = YES;
				CLANG_WARN_EMPTY_BODY = YES;
				CLANG_WARN_ENUM_CONVERSION = YES;
				CLANG_WARN_INFINITE_RECURSION = YES;
				CLANG_WARN_INT_CONVERSION = YES;
				CLANG_WARN_NON_LITERAL_NULL_CONVERSION = YES;
				CLANG_WARN_OBJC_IMPLICIT_RETAIN_SELF = YES;
				CLANG_WARN_OBJC_LITERAL_CONVERSION = YES;
				CLANG_WARN_OBJC_ROOT_CLASS = YES_ERROR;
				CLANG_WARN_RANGE_LOOP_ANALYSIS = YES;
				CLANG_WARN_STRICT_PROTOTYPES = YES;
				CLANG_WARN_SUSPICIOUS_MOVE = YES;
				CLANG_WARN_UNGUARDED_AVAILABILITY = YES_AGGRESSIVE;
				CLANG_WARN_UNREACHABLE_CODE = YES;
				CLANG_WARN__DUPLICATE_METHOD_MATCH = YES;
				CODE_SIGN_IDENTITY = "iPhone Developer";
				COPY_PHASE_STRIP = NO;
				DEBUG_INFORMATION_FORMAT = "dwarf-with-dsym";
				ENABLE_NS_ASSERTIONS = NO;
				ENABLE_STRICT_OBJC_MSGSEND = YES;
				GCC_C_LANGUAGE_STANDARD = gnu11;
				GCC_NO_COMMON_BLOCKS = YES;
				GCC_WARN_64_TO_32_BIT_CONVERSION = YES;
				GCC_WARN_ABOUT_RETURN_TYPE = YES_ERROR;
				GCC_WARN_UNDECLARED_SELECTOR = YES;
				GCC_WARN_UNINITIALIZED_AUTOS = YES_AGGRESSIVE;
				GCC_WARN_UNUSED_FUNCTION = YES;
				GCC_WARN_UNUSED_VARIABLE = YES;
				IPHONEOS_DEPLOYMENT_TARGET = 12.2;
				MTL_ENABLE_DEBUG_INFO = NO;
				MTL_FAST_MATH = YES;
				SDKROOT = iphoneos;
				SWIFT_COMPILATION_MODE = wholemodule;
				SWIFT_OPTIMIZATION_LEVEL = "-O";
				VALIDATE_PRODUCT = YES;
			};
			name = Release;
		};
		1DE7F02422DBD62F00BC2BB6 /* Debug */ = {
			isa = XCBuildConfiguration;
			buildSettings = {
				ASSETCATALOG_COMPILER_APPICON_NAME = AppIcon;
				CODE_SIGN_STYLE = Automatic;
				DEVELOPMENT_TEAM = 9L6U97SA67;
				INFOPLIST_FILE = OnTheMap/Info.plist;
				LD_RUNPATH_SEARCH_PATHS = (
					"$(inherited)",
					"@executable_path/Frameworks",
				);
				PRODUCT_BUNDLE_IDENTIFIER = com.udacity123.OnTheMap;
				PRODUCT_NAME = "$(TARGET_NAME)";
				SWIFT_VERSION = 5.0;
				TARGETED_DEVICE_FAMILY = 1;
			};
			name = Debug;
		};
		1DE7F02522DBD62F00BC2BB6 /* Release */ = {
			isa = XCBuildConfiguration;
			buildSettings = {
				ASSETCATALOG_COMPILER_APPICON_NAME = AppIcon;
				CODE_SIGN_STYLE = Automatic;
				DEVELOPMENT_TEAM = 9L6U97SA67;
				INFOPLIST_FILE = OnTheMap/Info.plist;
				LD_RUNPATH_SEARCH_PATHS = (
					"$(inherited)",
					"@executable_path/Frameworks",
				);
				PRODUCT_BUNDLE_IDENTIFIER = com.udacity123.OnTheMap;
				PRODUCT_NAME = "$(TARGET_NAME)";
				SWIFT_VERSION = 5.0;
				TARGETED_DEVICE_FAMILY = 1;
			};
			name = Release;
		};
/* End XCBuildConfiguration section */

/* Begin XCConfigurationList section */
		1DE7F00C22DBD62D00BC2BB6 /* Build configuration list for PBXProject "OnTheMap" */ = {
			isa = XCConfigurationList;
			buildConfigurations = (
				1DE7F02122DBD62F00BC2BB6 /* Debug */,
				1DE7F02222DBD62F00BC2BB6 /* Release */,
			);
			defaultConfigurationIsVisible = 0;
			defaultConfigurationName = Release;
		};
		1DE7F02322DBD62F00BC2BB6 /* Build configuration list for PBXNativeTarget "OnTheMap" */ = {
			isa = XCConfigurationList;
			buildConfigurations = (
				1DE7F02422DBD62F00BC2BB6 /* Debug */,
				1DE7F02522DBD62F00BC2BB6 /* Release */,
			);
			defaultConfigurationIsVisible = 0;
			defaultConfigurationName = Release;
		};
/* End XCConfigurationList section */
	};
	rootObject = 1DE7F00922DBD62D00BC2BB6 /* Project object */;
}
